
Microsoft Visual Studio Solution File, Format Version 12.00
# Visual Studio Version 16
VisualStudioVersion = 16.0.31321.278
MinimumVisualStudioVersion = 10.0.40219.1
Project("{FAE04EC0-301F-11D3-BF4B-00C04F79EFBC}") = "OrvosiNobeldijasok", "OrvosiNobeldijasok\OrvosiNobeldijasok.csproj", "{2963E641-CD16-4E18-A802-1C465C0D8A96}"
EndProject
Global
	GlobalSection(SolutionConfigurationPlatforms) = preSolution
		Debug|Any CPU = Debug|Any CPU
		Release|Any CPU = Release|Any CPU
	EndGlobalSection
	GlobalSection(ProjectConfigurationPlatforms) = postSolution
		{2963E641-CD16-4E18-A802-1C465C0D8A96}.Debug|Any CPU.ActiveCfg = Debug|Any CPU
		{2963E641-CD16-4E18-A802-1C465C0D8A96}.Debug|Any CPU.Build.0 = Debug|Any CPU
		{2963E641-CD16-4E18-A802-1C465C0D8A96}.Release|Any CPU.ActiveCfg = Release|Any CPU
		{2963E641-CD16-4E18-A802-1C465C0D8A96}.Release|Any CPU.Build.0 = Release|Any CPU
	EndGlobalSection
	GlobalSection(SolutionProperties) = preSolution
		HideSolutionNode = FALSE
	EndGlobalSection
	GlobalSection(ExtensibilityGlobals) = postSolution
		SolutionGuid = {714EFD0A-3CD9-4BB4-8790-D2EDF73614D5}
	EndGlobalSection
EndGlobal
